// !$*UTF8*$!
{
	archiveVersion = 1;
	classes = {
	};
	objectVersion = 48;
	objects = {

/* Begin PBXBuildFile section */
		BF66FDAB1F96AAC900756340 /* AppDelegate.swift in Sources */ = {isa = PBXBuildFile; fileRef = BF66FDAA1F96AAC900756340 /* AppDelegate.swift */; };
		BF66FDAD1F96AAC900756340 /* ViewController.swift in Sources */ = {isa = PBXBuildFile; fileRef = BF66FDAC1F96AAC900756340 /* ViewController.swift */; };
		BF66FDB01F96AAC900756340 /* Main.storyboard in Resources */ = {isa = PBXBuildFile; fileRef = BF66FDAE1F96AAC900756340 /* Main.storyboard */; };
		BF66FDB21F96AAC900756340 /* Assets.xcassets in Resources */ = {isa = PBXBuildFile; fileRef = BF66FDB11F96AAC900756340 /* Assets.xcassets */; };
		BF66FDB51F96AAC900756340 /* LaunchScreen.storyboard in Resources */ = {isa = PBXBuildFile; fileRef = BF66FDB31F96AAC900756340 /* LaunchScreen.storyboard */; };
		BF66FDC01F96AAC900756340 /* Hello_iOSTests.swift in Sources */ = {isa = PBXBuildFile; fileRef = BF66FDBF1F96AAC900756340 /* Hello_iOSTests.swift */; };
		BF66FDCB1F96AAC900756340 /* Hello_iOSUITests.swift in Sources */ = {isa = PBXBuildFile; fileRef = BF66FDCA1F96AAC900756340 /* Hello_iOSUITests.swift */; };
/* End PBXBuildFile section */

/* Begin PBXContainerItemProxy section */
		BF66FDBC1F96AAC900756340 /* PBXContainerItemProxy */ = {
			isa = PBXContainerItemProxy;
			containerPortal = BF66FD9F1F96AAC900756340 /* Project object */;
			proxyType = 1;
			remoteGlobalIDString = BF66FDA61F96AAC900756340;
			remoteInfo = "Hello iOS";
		};
		BF66FDC71F96AAC900756340 /* PBXContainerItemProxy */ = {
			isa = PBXContainerItemProxy;
			containerPortal = BF66FD9F1F96AAC900756340 /* Project object */;
			proxyType = 1;
			remoteGlobalIDString = BF66FDA61F96AAC900756340;
			remoteInfo = "Hello iOS";
		};
/* End PBXContainerItemProxy section */

/* Begin PBXFileReference section */
		BF66FDA71F96AAC900756340 /* Hello-iOS.app */ = {isa = PBXFileReference; explicitFileType = wrapper.application; includeInIndex = 0; path = "Hello-iOS.app"; sourceTree = BUILT_PRODUCTS_DIR; };
		BF66FDAA1F96AAC900756340 /* AppDelegate.swift */ = {isa = PBXFileReference; lastKnownFileType = sourcecode.swift; path = AppDelegate.swift; sourceTree = "<group>"; };
		BF66FDAC1F96AAC900756340 /* ViewController.swift */ = {isa = PBXFileReference; lastKnownFileType = sourcecode.swift; path = ViewController.swift; sourceTree = "<group>"; };
		BF66FDAF1F96AAC900756340 /* Base */ = {isa = PBXFileReference; lastKnownFileType = file.storyboard; name = Base; path = Base.lproj/Main.storyboard; sourceTree = "<group>"; };
		BF66FDB11F96AAC900756340 /* Assets.xcassets */ = {isa = PBXFileReference; lastKnownFileType = folder.assetcatalog; path = Assets.xcassets; sourceTree = "<group>"; };
		BF66FDB41F96AAC900756340 /* Base */ = {isa = PBXFileReference; lastKnownFileType = file.storyboard; name = Base; path = Base.lproj/LaunchScreen.storyboard; sourceTree = "<group>"; };
		BF66FDB61F96AAC900756340 /* Info.plist */ = {isa = PBXFileReference; lastKnownFileType = text.plist.xml; path = Info.plist; sourceTree = "<group>"; };
		BF66FDBB1F96AAC900756340 /* Hello-iOSTests.xctest */ = {isa = PBXFileReference; explicitFileType = wrapper.cfbundle; includeInIndex = 0; path = "Hello-iOSTests.xctest"; sourceTree = BUILT_PRODUCTS_DIR; };
		BF66FDBF1F96AAC900756340 /* Hello_iOSTests.swift */ = {isa = PBXFileReference; lastKnownFileType = sourcecode.swift; path = Hello_iOSTests.swift; sourceTree = "<group>"; };
		BF66FDC11F96AAC900756340 /* Info.plist */ = {isa = PBXFileReference; lastKnownFileType = text.plist.xml; path = Info.plist; sourceTree = "<group>"; };
		BF66FDC61F96AAC900756340 /* Hello-iOSUITests.xctest */ = {isa = PBXFileReference; explicitFileType = wrapper.cfbundle; includeInIndex = 0; path = "Hello-iOSUITests.xctest"; sourceTree = BUILT_PRODUCTS_DIR; };
		BF66FDCA1F96AAC900756340 /* Hello_iOSUITests.swift */ = {isa = PBXFileReference; lastKnownFileType = sourcecode.swift; path = Hello_iOSUITests.swift; sourceTree = "<group>"; };
		BF66FDCC1F96AACA00756340 /* Info.plist */ = {isa = PBXFileReference; lastKnownFileType = text.plist.xml; path = Info.plist; sourceTree = "<group>"; };
/* End PBXFileReference section */

/* Begin PBXFrameworksBuildPhase section */
		BF66FDA41F96AAC900756340 /* Frameworks */ = {
			isa = PBXFrameworksBuildPhase;
			buildActionMask = 2147483647;
			files = (
			);
			runOnlyForDeploymentPostprocessing = 0;
		};
		BF66FDB81F96AAC900756340 /* Frameworks */ = {
			isa = PBXFrameworksBuildPhase;
			buildActionMask = 2147483647;
			files = (
			);
			runOnlyForDeploymentPostprocessing = 0;
		};
		BF66FDC31F96AAC900756340 /* Frameworks */ = {
			isa = PBXFrameworksBuildPhase;
			buildActionMask = 2147483647;
			files = (
			);
			runOnlyForDeploymentPostprocessing = 0;
		};
/* End PBXFrameworksBuildPhase section */

/* Begin PBXGroup section */
		BF66FD9E1F96AAC900756340 = {
			isa = PBXGroup;
			children = (
				BF66FDA91F96AAC900756340 /* Hello iOS */,
				BF66FDBE1F96AAC900756340 /* Hello iOSTests */,
				BF66FDC91F96AAC900756340 /* Hello iOSUITests */,
				BF66FDA81F96AAC900756340 /* Products */,
			);
			sourceTree = "<group>";
		};
		BF66FDA81F96AAC900756340 /* Products */ = {
			isa = PBXGroup;
			children = (
				BF66FDA71F96AAC900756340 /* Hello-iOS.app */,
				BF66FDBB1F96AAC900756340 /* Hello-iOSTests.xctest */,
				BF66FDC61F96AAC900756340 /* Hello-iOSUITests.xctest */,
			);
			name = Products;
			sourceTree = "<group>";
		};
		BF66FDA91F96AAC900756340 /* Hello iOS */ = {
			isa = PBXGroup;
			children = (
				BF66FDAA1F96AAC900756340 /* AppDelegate.swift */,
				BF66FDAC1F96AAC900756340 /* ViewController.swift */,
				BF66FDAE1F96AAC900756340 /* Main.storyboard */,
				BF66FDB11F96AAC900756340 /* Assets.xcassets */,
				BF66FDB31F96AAC900756340 /* LaunchScreen.storyboard */,
				BF66FDB61F96AAC900756340 /* Info.plist */,
			);
			path = "Hello iOS";
			sourceTree = "<group>";
		};
		BF66FDBE1F96AAC900756340 /* Hello iOSTests */ = {
			isa = PBXGroup;
			children = (
				BF66FDBF1F96AAC900756340 /* Hello_iOSTests.swift */,
				BF66FDC11F96AAC900756340 /* Info.plist */,
			);
			path = "Hello iOSTests";
			sourceTree = "<group>";
		};
		BF66FDC91F96AAC900756340 /* Hello iOSUITests */ = {
			isa = PBXGroup;
			children = (
				BF66FDCA1F96AAC900756340 /* Hello_iOSUITests.swift */,
				BF66FDCC1F96AACA00756340 /* Info.plist */,
			);
			path = "Hello iOSUITests";
			sourceTree = "<group>";
		};
/* End PBXGroup section */

/* Begin PBXNativeTarget section */
		BF66FDA61F96AAC900756340 /* Hello-iOS */ = {
			isa = PBXNativeTarget;
			buildConfigurationList = BF66FDCF1F96AACA00756340 /* Build configuration list for PBXNativeTarget "Hello-iOS" */;
			buildPhases = (
				BF66FDA31F96AAC900756340 /* Sources */,
				BF66FDA41F96AAC900756340 /* Frameworks */,
				BF66FDA51F96AAC900756340 /* Resources */,
			);
			buildRules = (
			);
			dependencies = (
			);
			name = "Hello-iOS";
			productName = "Hello iOS";
			productReference = BF66FDA71F96AAC900756340 /* Hello-iOS.app */;
			productType = "com.apple.product-type.application";
		};
		BF66FDBA1F96AAC900756340 /* Hello-iOSTests */ = {
			isa = PBXNativeTarget;
			buildConfigurationList = BF66FDD21F96AACA00756340 /* Build configuration list for PBXNativeTarget "Hello-iOSTests" */;
			buildPhases = (
				BF66FDB71F96AAC900756340 /* Sources */,
				BF66FDB81F96AAC900756340 /* Frameworks */,
				BF66FDB91F96AAC900756340 /* Resources */,
			);
			buildRules = (
			);
			dependencies = (
				BF66FDBD1F96AAC900756340 /* PBXTargetDependency */,
			);
			name = "Hello-iOSTests";
			productName = "Hello iOSTests";
			productReference = BF66FDBB1F96AAC900756340 /* Hello-iOSTests.xctest */;
			productType = "com.apple.product-type.bundle.unit-test";
		};
		BF66FDC51F96AAC900756340 /* Hello-iOSUITests */ = {
			isa = PBXNativeTarget;
			buildConfigurationList = BF66FDD51F96AACA00756340 /* Build configuration list for PBXNativeTarget "Hello-iOSUITests" */;
			buildPhases = (
				BF66FDC21F96AAC900756340 /* Sources */,
				BF66FDC31F96AAC900756340 /* Frameworks */,
				BF66FDC41F96AAC900756340 /* Resources */,
			);
			buildRules = (
			);
			dependencies = (
				BF66FDC81F96AAC900756340 /* PBXTargetDependency */,
			);
			name = "Hello-iOSUITests";
			productName = "Hello iOSUITests";
			productReference = BF66FDC61F96AAC900756340 /* Hello-iOSUITests.xctest */;
			productType = "com.apple.product-type.bundle.ui-testing";
		};
/* End PBXNativeTarget section */

/* Begin PBXProject section */
		BF66FD9F1F96AAC900756340 /* Project object */ = {
			isa = PBXProject;
			attributes = {
				LastSwiftUpdateCheck = 0900;
				LastUpgradeCheck = 0900;
				ORGANIZATIONNAME = "Jimmy B Nguyen";
				TargetAttributes = {
					BF66FDA61F96AAC900756340 = {
						CreatedOnToolsVersion = 9.0.1;
						ProvisioningStyle = Automatic;
					};
					BF66FDBA1F96AAC900756340 = {
						CreatedOnToolsVersion = 9.0.1;
						ProvisioningStyle = Automatic;
						TestTargetID = BF66FDA61F96AAC900756340;
					};
					BF66FDC51F96AAC900756340 = {
						CreatedOnToolsVersion = 9.0.1;
						ProvisioningStyle = Automatic;
						TestTargetID = BF66FDA61F96AAC900756340;
					};
				};
			};
			buildConfigurationList = BF66FDA21F96AAC900756340 /* Build configuration list for PBXProject "Hello-iOS" */;
			compatibilityVersion = "Xcode 8.0";
			developmentRegion = en;
			hasScannedForEncodings = 0;
			knownRegions = (
				en,
				Base,
			);
			mainGroup = BF66FD9E1F96AAC900756340;
			productRefGroup = BF66FDA81F96AAC900756340 /* Products */;
			projectDirPath = "";
			projectRoot = "";
			targets = (
				BF66FDA61F96AAC900756340 /* Hello-iOS */,
				BF66FDBA1F96AAC900756340 /* Hello-iOSTests */,
				BF66FDC51F96AAC900756340 /* Hello-iOSUITests */,
			);
		};
/* End PBXProject section */

/* Begin PBXResourcesBuildPhase section */
		BF66FDA51F96AAC900756340 /* Resources */ = {
			isa = PBXResourcesBuildPhase;
			buildActionMask = 2147483647;
			files = (
				BF66FDB51F96AAC900756340 /* LaunchScreen.storyboard in Resources */,
				BF66FDB21F96AAC900756340 /* Assets.xcassets in Resources */,
				BF66FDB01F96AAC900756340 /* Main.storyboard in Resources */,
			);
			runOnlyForDeploymentPostprocessing = 0;
		};
		BF66FDB91F96AAC900756340 /* Resources */ = {
			isa = PBXResourcesBuildPhase;
			buildActionMask = 2147483647;
			files = (
			);
			runOnlyForDeploymentPostprocessing = 0;
		};
		BF66FDC41F96AAC900756340 /* Resources */ = {
			isa = PBXResourcesBuildPhase;
			buildActionMask = 2147483647;
			files = (
			);
			runOnlyForDeploymentPostprocessing = 0;
		};
/* End PBXResourcesBuildPhase section */

/* Begin PBXSourcesBuildPhase section */
		BF66FDA31F96AAC900756340 /* Sources */ = {
			isa = PBXSourcesBuildPhase;
			buildActionMask = 2147483647;
			files = (
				BF66FDAD1F96AAC900756340 /* ViewController.swift in Sources */,
				BF66FDAB1F96AAC900756340 /* AppDelegate.swift in Sources */,
			);
			runOnlyForDeploymentPostprocessing = 0;
		};
		BF66FDB71F96AAC900756340 /* Sources */ = {
			isa = PBXSourcesBuildPhase;
			buildActionMask = 2147483647;
			files = (
				BF66FDC01F96AAC900756340 /* Hello_iOSTests.swift in Sources */,
			);
			runOnlyForDeploymentPostprocessing = 0;
		};
		BF66FDC21F96AAC900756340 /* Sources */ = {
			isa = PBXSourcesBuildPhase;
			buildActionMask = 2147483647;
			files = (
				BF66FDCB1F96AAC900756340 /* Hello_iOSUITests.swift in Sources */,
			);
			runOnlyForDeploymentPostprocessing = 0;
		};
/* End PBXSourcesBuildPhase section */

/* Begin PBXTargetDependency section */
		BF66FDBD1F96AAC900756340 /* PBXTargetDependency */ = {
			isa = PBXTargetDependency;
			target = BF66FDA61F96AAC900756340 /* Hello-iOS */;
			targetProxy = BF66FDBC1F96AAC900756340 /* PBXContainerItemProxy */;
		};
		BF66FDC81F96AAC900756340 /* PBXTargetDependency */ = {
			isa = PBXTargetDependency;
			target = BF66FDA61F96AAC900756340 /* Hello-iOS */;
			targetProxy = BF66FDC71F96AAC900756340 /* PBXContainerItemProxy */;
		};
/* End PBXTargetDependency section */

/* Begin PBXVariantGroup section */
		BF66FDAE1F96AAC900756340 /* Main.storyboard */ = {
			isa = PBXVariantGroup;
			children = (
				BF66FDAF1F96AAC900756340 /* Base */,
			);
			name = Main.storyboard;
			sourceTree = "<group>";
		};
		BF66FDB31F96AAC900756340 /* LaunchScreen.storyboard */ = {
			isa = PBXVariantGroup;
			children = (
				BF66FDB41F96AAC900756340 /* Base */,
			);
			name = LaunchScreen.storyboard;
			sourceTree = "<group>";
		};
/* End PBXVariantGroup section */

/* Begin XCBuildConfiguration section */
		BF66FDCD1F96AACA00756340 /* Debug */ = {
			isa = XCBuildConfiguration;
			buildSettings = {
				ALWAYS_SEARCH_USER_PATHS = NO;
				CLANG_ANALYZER_NONNULL = YES;
				CLANG_ANALYZER_NUMBER_OBJECT_CONVERSION = YES_AGGRESSIVE;
				CLANG_CXX_LANGUAGE_STANDARD = "gnu++14";
				CLANG_CXX_LIBRARY = "libc++";
				CLANG_ENABLE_MODULES = YES;
				CLANG_ENABLE_OBJC_ARC = YES;
				CLANG_WARN_BLOCK_CAPTURE_AUTORELEASING = YES;
				CLANG_WARN_BOOL_CONVERSION = YES;
				CLANG_WARN_COMMA = YES;
				CLANG_WARN_CONSTANT_CONVERSION = YES;
				CLANG_WARN_DIRECT_OBJC_ISA_USAGE = YES_ERROR;
				CLANG_WARN_DOCUMENTATION_COMMENTS = YES;
				CLANG_WARN_EMPTY_BODY = YES;
				CLANG_WARN_ENUM_CONVERSION = YES;
				CLANG_WARN_INFINITE_RECURSION = YES;
				CLANG_WARN_INT_CONVERSION = YES;
				CLANG_WARN_NON_LITERAL_NULL_CONVERSION = YES;
				CLANG_WARN_OBJC_LITERAL_CONVERSION = YES;
				CLANG_WARN_OBJC_ROOT_CLASS = YES_ERROR;
				CLANG_WARN_RANGE_LOOP_ANALYSIS = YES;
				CLANG_WARN_STRICT_PROTOTYPES = YES;
				CLANG_WARN_SUSPICIOUS_MOVE = YES;
				CLANG_WARN_UNGUARDED_AVAILABILITY = YES_AGGRESSIVE;
				CLANG_WARN_UNREACHABLE_CODE = YES;
				CLANG_WARN__DUPLICATE_METHOD_MATCH = YES;
				CODE_SIGN_IDENTITY = "iPhone Developer";
				COPY_PHASE_STRIP = NO;
				DEBUG_INFORMATION_FORMAT = dwarf;
				ENABLE_STRICT_OBJC_MSGSEND = YES;
				ENABLE_TESTABILITY = YES;
				GCC_C_LANGUAGE_STANDARD = gnu11;
				GCC_DYNAMIC_NO_PIC = NO;
				GCC_NO_COMMON_BLOCKS = YES;
				GCC_OPTIMIZATION_LEVEL = 0;
				GCC_PREPROCESSOR_DEFINITIONS = (
					"DEBUG=1",
					"$(inherited)",
				);
				GCC_WARN_64_TO_32_BIT_CONVERSION = YES;
				GCC_WARN_ABOUT_RETURN_TYPE = YES_ERROR;
				GCC_WARN_UNDECLARED_SELECTOR = YES;
				GCC_WARN_UNINITIALIZED_AUTOS = YES_AGGRESSIVE;
				GCC_WARN_UNUSED_FUNCTION = YES;
				GCC_WARN_UNUSED_VARIABLE = YES;
				IPHONEOS_DEPLOYMENT_TARGET = 11.0;
				MTL_ENABLE_DEBUG_INFO = YES;
				ONLY_ACTIVE_ARCH = YES;
				SDKROOT = iphoneos;
				SWIFT_ACTIVE_COMPILATION_CONDITIONS = DEBUG;
				SWIFT_OPTIMIZATION_LEVEL = "-Onone";
			};
			name = Debug;
		};
		BF66FDCE1F96AACA00756340 /* Release */ = {
			isa = XCBuildConfiguration;
			buildSettings = {
				ALWAYS_SEARCH_USER_PATHS = NO;
				CLANG_ANALYZER_NONNULL = YES;
				CLANG_ANALYZER_NUMBER_OBJECT_CONVERSION = YES_AGGRESSIVE;
				CLANG_CXX_LANGUAGE_STANDARD = "gnu++14";
				CLANG_CXX_LIBRARY = "libc++";
				CLANG_ENABLE_MODULES = YES;
				CLANG_ENABLE_OBJC_ARC = YES;
				CLANG_WARN_BLOCK_CAPTURE_AUTORELEASING = YES;
				CLANG_WARN_BOOL_CONVERSION = YES;
				CLANG_WARN_COMMA = YES;
				CLANG_WARN_CONSTANT_CONVERSION = YES;
				CLANG_WARN_DIRECT_OBJC_ISA_USAGE = YES_ERROR;
				CLANG_WARN_DOCUMENTATION_COMMENTS = YES;
				CLANG_WARN_EMPTY_BODY = YES;
				CLANG_WARN_ENUM_CONVERSION = YES;
				CLANG_WARN_INFINITE_RECURSION = YES;
				CLANG_WARN_INT_CONVERSION = YES;
				CLANG_WARN_NON_LITERAL_NULL_CONVERSION = YES;
				CLANG_WARN_OBJC_LITERAL_CONVERSION = YES;
				CLANG_WARN_OBJC_ROOT_CLASS = YES_ERROR;
				CLANG_WARN_RANGE_LOOP_ANALYSIS = YES;
				CLANG_WARN_STRICT_PROTOTYPES = YES;
				CLANG_WARN_SUSPICIOUS_MOVE = YES;
				CLANG_WARN_UNGUARDED_AVAILABILITY = YES_AGGRESSIVE;
				CLANG_WARN_UNREACHABLE_CODE = YES;
				CLANG_WARN__DUPLICATE_METHOD_MATCH = YES;
				CODE_SIGN_IDENTITY = "iPhone Developer";
				COPY_PHASE_STRIP = NO;
				DEBUG_INFORMATION_FORMAT = "dwarf-with-dsym";
				ENABLE_NS_ASSERTIONS = NO;
				ENABLE_STRICT_OBJC_MSGSEND = YES;
				GCC_C_LANGUAGE_STANDARD = gnu11;
				GCC_NO_COMMON_BLOCKS = YES;
				GCC_WARN_64_TO_32_BIT_CONVERSION = YES;
				GCC_WARN_ABOUT_RETURN_TYPE = YES_ERROR;
				GCC_WARN_UNDECLARED_SELECTOR = YES;
				GCC_WARN_UNINITIALIZED_AUTOS = YES_AGGRESSIVE;
				GCC_WARN_UNUSED_FUNCTION = YES;
				GCC_WARN_UNUSED_VARIABLE = YES;
				IPHONEOS_DEPLOYMENT_TARGET = 11.0;
				MTL_ENABLE_DEBUG_INFO = NO;
				SDKROOT = iphoneos;
				SWIFT_OPTIMIZATION_LEVEL = "-Owholemodule";
				VALIDATE_PRODUCT = YES;
			};
			name = Release;
		};
		BF66FDD01F96AACA00756340 /* Debug */ = {
			isa = XCBuildConfiguration;
			buildSettings = {
				ASSETCATALOG_COMPILER_APPICON_NAME = AppIcon;
				CODE_SIGN_STYLE = Automatic;
				DEVELOPMENT_TEAM = 46W36DZ9XU;
				INFOPLIST_FILE = "Hello iOS/Info.plist";
				IPHONEOS_DEPLOYMENT_TARGET = 10.2;
				LD_RUNPATH_SEARCH_PATHS = "$(inherited) @executable_path/Frameworks";
				PRODUCT_BUNDLE_IDENTIFIER = "com.jimmybnguyen.Hello-iOS";
				PRODUCT_NAME = "$(TARGET_NAME)";
				SWIFT_VERSION = 4.0;
				TARGETED_DEVICE_FAMILY = "1,2";
			};
			name = Debug;
		};
		BF66FDD11F96AACA00756340 /* Release */ = {
			isa = XCBuildConfiguration;
			buildSettings = {
				ASSETCATALOG_COMPILER_APPICON_NAME = AppIcon;
				CODE_SIGN_STYLE = Automatic;
				DEVELOPMENT_TEAM = 46W36DZ9XU;
				INFOPLIST_FILE = "Hello iOS/Info.plist";
				IPHONEOS_DEPLOYMENT_TARGET = 10.2;
				LD_RUNPATH_SEARCH_PATHS = "$(inherited) @executable_path/Frameworks";
				PRODUCT_BUNDLE_IDENTIFIER = "com.jimmybnguyen.Hello-iOS";
				PRODUCT_NAME = "$(TARGET_NAME)";
				SWIFT_VERSION = 4.0;
				TARGETED_DEVICE_FAMILY = "1,2";
			};
			name = Release;
		};
		BF66FDD31F96AACA00756340 /* Debug */ = {
			isa = XCBuildConfiguration;
			buildSettings = {
				ALWAYS_EMBED_SWIFT_STANDARD_LIBRARIES = YES;
				BUNDLE_LOADER = "$(TEST_HOST)";
				CODE_SIGN_STYLE = Automatic;
				DEVELOPMENT_TEAM = 46W36DZ9XU;
				INFOPLIST_FILE = "Hello iOSTests/Info.plist";
				LD_RUNPATH_SEARCH_PATHS = "$(inherited) @executable_path/Frameworks @loader_path/Frameworks";
				PRODUCT_BUNDLE_IDENTIFIER = "com.jimmybnguyen.Hello-iOSTests";
				PRODUCT_NAME = "$(TARGET_NAME)";
				SWIFT_VERSION = 4.0;
				TARGETED_DEVICE_FAMILY = "1,2";
				TEST_HOST = "$(BUILT_PRODUCTS_DIR)/Hello-iOS.app/Hello-iOS";
			};
			name = Debug;
		};
		BF66FDD41F96AACA00756340 /* Release */ = {
			isa = XCBuildConfiguration;
			buildSettings = {
				ALWAYS_EMBED_SWIFT_STANDARD_LIBRARIES = YES;
				BUNDLE_LOADER = "$(TEST_HOST)";
				CODE_SIGN_STYLE = Automatic;
				DEVELOPMENT_TEAM = 46W36DZ9XU;
				INFOPLIST_FILE = "Hello iOSTests/Info.plist";
				LD_RUNPATH_SEARCH_PATHS = "$(inherited) @executable_path/Frameworks @loader_path/Frameworks";
				PRODUCT_BUNDLE_IDENTIFIER = "com.jimmybnguyen.Hello-iOSTests";
				PRODUCT_NAME = "$(TARGET_NAME)";
				SWIFT_VERSION = 4.0;
				TARGETED_DEVICE_FAMILY = "1,2";
				TEST_HOST = "$(BUILT_PRODUCTS_DIR)/Hello-iOS.app/Hello-iOS";
			};
			name = Release;
		};
		BF66FDD61F96AACA00756340 /* Debug */ = {
			isa = XCBuildConfiguration;
			buildSettings = {
				ALWAYS_EMBED_SWIFT_STANDARD_LIBRARIES = YES;
				CODE_SIGN_STYLE = Automatic;
				DEVELOPMENT_TEAM = 46W36DZ9XU;
				INFOPLIST_FILE = "Hello iOSUITests/Info.plist";
				LD_RUNPATH_SEARCH_PATHS = "$(inherited) @executable_path/Frameworks @loader_path/Frameworks";
				PRODUCT_BUNDLE_IDENTIFIER = "com.jimmybnguyen.Hello-iOSUITests";
				PRODUCT_NAME = "$(TARGET_NAME)";
				SWIFT_VERSION = 4.0;
				TARGETED_DEVICE_FAMILY = "1,2";
				TEST_TARGET_NAME = "Hello iOS";
			};
			name = Debug;
		};
		BF66FDD71F96AACA00756340 /* Release */ = {
			isa = XCBuildConfiguration;
			buildSettings = {
				ALWAYS_EMBED_SWIFT_STANDARD_LIBRARIES = YES;
				CODE_SIGN_STYLE = Automatic;
				DEVELOPMENT_TEAM = 46W36DZ9XU;
				INFOPLIST_FILE = "Hello iOSUITests/Info.plist";
				LD_RUNPATH_SEARCH_PATHS = "$(inherited) @executable_path/Frameworks @loader_path/Frameworks";
				PRODUCT_BUNDLE_IDENTIFIER = "com.jimmybnguyen.Hello-iOSUITests";
				PRODUCT_NAME = "$(TARGET_NAME)";
				SWIFT_VERSION = 4.0;
				TARGETED_DEVICE_FAMILY = "1,2";
				TEST_TARGET_NAME = "Hello iOS";
			};
			name = Release;
		};
/* End XCBuildConfiguration section */

/* Begin XCConfigurationList section */
		BF66FDA21F96AAC900756340 /* Build configuration list for PBXProject "Hello-iOS" */ = {
			isa = XCConfigurationList;
			buildConfigurations = (
				BF66FDCD1F96AACA00756340 /* Debug */,
				BF66FDCE1F96AACA00756340 /* Release */,
			);
			defaultConfigurationIsVisible = 0;
			defaultConfigurationName = Release;
		};
		BF66FDCF1F96AACA00756340 /* Build configuration list for PBXNativeTarget "Hello-iOS" */ = {
			isa = XCConfigurationList;
			buildConfigurations = (
				BF66FDD01F96AACA00756340 /* Debug */,
				BF66FDD11F96AACA00756340 /* Release */,
			);
			defaultConfigurationIsVisible = 0;
			defaultConfigurationName = Release;
		};
		BF66FDD21F96AACA00756340 /* Build configuration list for PBXNativeTarget "Hello-iOSTests" */ = {
			isa = XCConfigurationList;
			buildConfigurations = (
				BF66FDD31F96AACA00756340 /* Debug */,
				BF66FDD41F96AACA00756340 /* Release */,
			);
			defaultConfigurationIsVisible = 0;
			defaultConfigurationName = Release;
		};
		BF66FDD51F96AACA00756340 /* Build configuration list for PBXNativeTarget "Hello-iOSUITests" */ = {
			isa = XCConfigurationList;
			buildConfigurations = (
				BF66FDD61F96AACA00756340 /* Debug */,
				BF66FDD71F96AACA00756340 /* Release */,
			);
			defaultConfigurationIsVisible = 0;
			defaultConfigurationName = Release;
		};
/* End XCConfigurationList section */
	};
	rootObject = BF66FD9F1F96AAC900756340 /* Project object */;
}
